{
  "name": "book_management",
  "requires": true,
  "lockfileVersion": 1,
  "dependencies": {
    "lodash-move": {
      "version": "1.1.1",
      "resolved": "https://registry.npmjs.org/lodash-move/-/lodash-move-1.1.1.tgz",
      "integrity": "sha1-WfduDxrFfm2Gg/UxvsB8W26k40g=",
      "requires": {
        "lodash": "4.17.5"
      },
      "dependencies": {
        "lodash": {
          "version": "4.17.5",
          "resolved": "https://registry.npmjs.org/lodash/-/lodash-4.17.5.tgz",
          "integrity": "sha512-svL3uiZf1RwhH+cWrfZn3A4+U58wbP0tGVTLQPbjplZxZ8ROD9VLuNgsRniTlLe7OlSqR79RUehXgpBW/s0IQw=="
        }
      }
    }
  }
}
